<?xml version="1.0" encoding="utf-8"?>
<Project ToolsVersion="4.0" xmlns="http://schemas.microsoft.com/developer/msbuild/2003">
  <ItemGroup>
    <Filter Include="Game State Management">
      <UniqueIdentifier>{9a6248ec-ad50-48c8-831a-3e31d5971492}</UniqueIdentifier>
    </Filter>
    <Filter Include="Game State Management\States">
      <UniqueIdentifier>{d3bf3453-0e2b-481a-927c-b53bf8b47b2d}</UniqueIdentifier>
    </Filter>
    <Filter Include="Lua">
      <UniqueIdentifier>{999e0a2b-5f81-4abf-8d16-65282396b306}</UniqueIdentifier>
    </Filter>
    <Filter Include="Game State Management\Scenes">
      <UniqueIdentifier>{eccc683b-7363-4c3d-b7c2-275eb155a194}</UniqueIdentifier>
    </Filter>
    <Filter Include="Game State Management\Scenes\Header Files">
      <UniqueIdentifier>{29466555-367a-430b-a6fa-4ffbc0d55527}</UniqueIdentifier>
    </Filter>
    <Filter Include="Game State Management\Scenes\Source Files">
      <UniqueIdentifier>{07406f1b-ae9c-47a6-a11b-6753e737eace}</UniqueIdentifier>
    </Filter>
    <Filter Include="Game State Management\States\Header Files">
      <UniqueIdentifier>{392884f7-c7ed-4727-98e5-9519165fe994}</UniqueIdentifier>
    </Filter>
    <Filter Include="Game State Management\States\Source Files">
      <UniqueIdentifier>{b29680cd-541f-4175-abec-bb7d2f25f6b1}</UniqueIdentifier>
    </Filter>
    <Filter Include="Camera">
      <UniqueIdentifier>{4b57ce7b-317b-47a3-bb23-3908fb8b96c8}</UniqueIdentifier>
    </Filter>
    <Filter Include="Application">
      <UniqueIdentifier>{ead5c267-47ae-41b9-b702-cb35f988a667}</UniqueIdentifier>
    </Filter>
    <Filter Include="Mesh Tools">
      <UniqueIdentifier>{a720fc85-01c2-4f1b-b996-fca243db0bb1}</UniqueIdentifier>
    </Filter>
    <Filter Include="Player">
      <UniqueIdentifier>{7bf61aa8-cc06-4ce4-bcfa-0256e2747997}</UniqueIdentifier>
    </Filter>
    <Filter Include="Loaders">
      <UniqueIdentifier>{b4223128-b404-477f-804d-55d7c6b9ee97}</UniqueIdentifier>
    </Filter>
    <Filter Include="Shader">
      <UniqueIdentifier>{67DA6AB6-F800-4c08-8B7A-83BB121AAD01}</UniqueIdentifier>
      <Extensions>rc;ico;cur;bmp;dlg;rc2;rct;bin;rgs;gif;jpg;jpeg;jpe;resx;tiff;tif;png;wav;mfcribbon-ms</Extensions>
    </Filter>
    <Filter Include="Graphics">
      <UniqueIdentifier>{87242b7a-8f90-40b3-93d7-fe1ddf3e1cc6}</UniqueIdentifier>
    </Filter>
    <Filter Include="Level">
      <UniqueIdentifier>{16ebf384-ea11-4bfc-bca1-844dcc9f4572}</UniqueIdentifier>
    </Filter>
    <Filter Include="Entities">
      <UniqueIdentifier>{618d133b-5a7c-4a30-9dfe-092ed33e98df}</UniqueIdentifier>
    </Filter>
    <Filter Include="Entities\Enemies">
      <UniqueIdentifier>{7e94d8aa-72f2-4e3d-90cd-ad7479439285}</UniqueIdentifier>
    </Filter>
    <Filter Include="Pathfinding">
      <UniqueIdentifier>{718952ef-abf3-4b0a-bad4-4324d1938108}</UniqueIdentifier>
    </Filter>
    <Filter Include="Entities\Base classes">
      <UniqueIdentifier>{c0a96dd9-f19d-43fb-a5ce-a99d5bff9c3f}</UniqueIdentifier>
    </Filter>
    <Filter Include="Entities\GameplayEntities">
      <UniqueIdentifier>{3d20b0f2-b745-48fa-b8bd-37df1ec56bf9}</UniqueIdentifier>
    </Filter>
    <Filter Include="Sounds">
      <UniqueIdentifier>{5e9f9ceb-c8b5-4055-8328-d22f2af40461}</UniqueIdentifier>
    </Filter>
    <Filter Include="Sounds\Header Files">
      <UniqueIdentifier>{f7bd96ab-c8d1-4151-81ba-5d74244f6ea8}</UniqueIdentifier>
    </Filter>
    <Filter Include="Sounds\Source Files">
      <UniqueIdentifier>{5f2f6043-d875-4d99-99b0-45697f9ade47}</UniqueIdentifier>
    </Filter>
    <Filter Include="Achievements">
      <UniqueIdentifier>{76f13743-f0d0-4152-a8e5-2aa10615aa1f}</UniqueIdentifier>
    </Filter>
  </ItemGroup>
  <ItemGroup>
    <ClCompile Include="Source\SceneManager.cpp">
      <Filter>Game State Management\Scenes\Source Files</Filter>
    </ClCompile>
    <ClCompile Include="Source\SceneMenu.cpp">
      <Filter>Game State Management\Scenes\Source Files</Filter>
    </ClCompile>
    <ClCompile Include="Source\SceneOptions.cpp">
      <Filter>Game State Management\Scenes\Source Files</Filter>
    </ClCompile>
    <ClCompile Include="Source\ScenePlay.cpp">
      <Filter>Game State Management\Scenes\Source Files</Filter>
    </ClCompile>
    <ClCompile Include="Source\SceneSplash.cpp">
      <Filter>Game State Management\Scenes\Source Files</Filter>
    </ClCompile>
    <ClCompile Include="Source\States\GameStateManager.cpp">
      <Filter>Game State Management\States\Source Files</Filter>
    </ClCompile>
    <ClCompile Include="Source\States\MenuState.cpp">
      <Filter>Game State Management\States\Source Files</Filter>
    </ClCompile>
    <ClCompile Include="Source\States\OptionsState.cpp">
      <Filter>Game State Management\States\Source Files</Filter>
    </ClCompile>
    <ClCompile Include="Source\States\PlayState.cpp">
      <Filter>Game State Management\States\Source Files</Filter>
    </ClCompile>
    <ClCompile Include="Source\States\SplashState.cpp">
      <Filter>Game State Management\States\Source Files</Filter>
    </ClCompile>
    <ClCompile Include="Source\Camera3.cpp">
      <Filter>Camera</Filter>
    </ClCompile>
    <ClCompile Include="Source\Camera.cpp">
      <Filter>Camera</Filter>
    </ClCompile>
    <ClCompile Include="Source\LoadTGA.cpp">
      <Filter>Loaders</Filter>
    </ClCompile>
    <ClCompile Include="Source\LoadOBJ.cpp">
      <Filter>Loaders</Filter>
    </ClCompile>
    <ClCompile Include="Source\Application.cpp">
      <Filter>Application</Filter>
    </ClCompile>
    <ClCompile Include="Source\main.cpp">
      <Filter>Application</Filter>
    </ClCompile>
    <ClCompile Include="Source\Mesh.cpp">
      <Filter>Mesh Tools</Filter>
    </ClCompile>
    <ClCompile Include="Source\MeshBuilder.cpp">
      <Filter>Mesh Tools</Filter>
    </ClCompile>
    <ClCompile Include="Source\Utility.cpp">
      <Filter>Mesh Tools</Filter>
    </ClCompile>
    <ClCompile Include="Source\shader.cpp">
      <Filter>Shader</Filter>
    </ClCompile>
    <ClCompile Include="Source\PlayInfo3PV.cpp">
      <Filter>Player</Filter>
    </ClCompile>
    <ClCompile Include="Source\LuaScript.cpp">
      <Filter>Lua</Filter>
    </ClCompile>
    <ClCompile Include="Source\Player\Player.cpp">
      <Filter>Player</Filter>
    </ClCompile>
    <ClCompile Include="Source\Graphics\SpriteAnimation.cpp">
      <Filter>Graphics</Filter>
    </ClCompile>
    <ClCompile Include="Source\Tilemap.cpp">
      <Filter>Level</Filter>
    </ClCompile>
    <ClCompile Include="Source\Level.cpp">
      <Filter>Level</Filter>
    </ClCompile>
    <ClCompile Include="Source\Tiledata.cpp">
      <Filter>Level</Filter>
    </ClCompile>
    <ClCompile Include="Source\Tileinfo.cpp">
      <Filter>Level</Filter>
    </ClCompile>
    <ClCompile Include="Source\Entities\Entity.cpp">
      <Filter>Entities\Base classes</Filter>
    </ClCompile>
    <ClCompile Include="Source\Entities\EntityIPos.cpp">
      <Filter>Entities\Base classes</Filter>
    </ClCompile>
    <ClCompile Include="Source\Entities\EntityVPos.cpp">
      <Filter>Entities\Base classes</Filter>
    </ClCompile>
    <ClCompile Include="Source\Entities\EnemyZombie.cpp">
      <Filter>Entities\Enemies</Filter>
    </ClCompile>
    <ClCompile Include="Source\Entities\Entity_Hazard_Moving.cpp">
      <Filter>Entities\GameplayEntities</Filter>
    </ClCompile>
    <ClCompile Include="Source\Entities\Enemy.cpp">
      <Filter>Entities\Base classes</Filter>
    </ClCompile>
    <ClCompile Include="Source\AStar.cpp">
      <Filter>Pathfinding</Filter>
    </ClCompile>
    <ClCompile Include="Source\Node.cpp">
      <Filter>Pathfinding</Filter>
    </ClCompile>
    <ClCompile Include="Source\Entities\Entity_Block_Movable.cpp">
      <Filter>Entities\GameplayEntities</Filter>
    </ClCompile>
    <ClCompile Include="Source\SoundManager.cpp">
      <Filter>Sounds\Source Files</Filter>
    </ClCompile>
    <ClCompile Include="Source\SceneInstruction.cpp">
      <Filter>Game State Management\Scenes\Source Files</Filter>
    </ClCompile>
    <ClCompile Include="Source\States\InstructionState.cpp">
      <Filter>Game State Management\States\Source Files</Filter>
    </ClCompile>
    <ClCompile Include="Source\Entities\Entity_Fire.cpp">
      <Filter>Entities\GameplayEntities</Filter>
    </ClCompile>
    <ClCompile Include="Source\Entities\Entity_Key_Red.cpp">
      <Filter>Entities\GameplayEntities</Filter>
    </ClCompile>
    <ClCompile Include="Source\Entities\Entity_Coin.cpp">
      <Filter>Entities\GameplayEntities</Filter>
    </ClCompile>
    <ClCompile Include="Source\Entities\EnemySuperRetardZombie.cpp">
      <Filter>Entities\Enemies</Filter>
    </ClCompile>
    <ClCompile Include="Source\Entities\Entity_Key_Blue.cpp">
      <Filter>Entities\GameplayEntities</Filter>
    </ClCompile>
    <ClCompile Include="Source\Entities\Entity_Key_Green.cpp">
      <Filter>Entities\GameplayEntities</Filter>
    </ClCompile>
    <ClCompile Include="Source\Entities\Entity_Key_Yellow.cpp">
      <Filter>Entities\GameplayEntities</Filter>
    </ClCompile>
    <ClCompile Include="Source\Achievements\Achievements.cpp">
      <Filter>Achievements</Filter>
    </ClCompile>
    <ClCompile Include="Source\Achievements\Properties.cpp">
      <Filter>Achievements</Filter>
    </ClCompile>
    <ClCompile Include="Source\SceneLevelSelection.cpp">
      <Filter>Game State Management\Scenes\Source Files</Filter>
    </ClCompile>
    <ClCompile Include="Source\States\LevelSelectionState.cpp">
      <Filter>Game State Management\States\Source Files</Filter>
    </ClCompile>
    <ClCompile Include="Source\Entities\Entity_DemonFire.cpp">
      <Filter>Entities\GameplayEntities</Filter>
    </ClCompile>
  </ItemGroup>
  <ItemGroup>
    <ClInclude Include="Source\SceneSplash.h">
      <Filter>Game State Management\Scenes\Header Files</Filter>
    </ClInclude>
    <ClInclude Include="Source\SceneManager.h">
      <Filter>Game State Management\Scenes\Header Files</Filter>
    </ClInclude>
    <ClInclude Include="Source\SceneMenu.h">
      <Filter>Game State Management\Scenes\Header Files</Filter>
    </ClInclude>
    <ClInclude Include="Source\SceneOptions.h">
      <Filter>Game State Management\Scenes\Header Files</Filter>
    </ClInclude>
    <ClInclude Include="Source\ScenePlay.h">
      <Filter>Game State Management\Scenes\Header Files</Filter>
    </ClInclude>
    <ClInclude Include="Source\GameState.h">
      <Filter>Game State Management\States\Header Files</Filter>
    </ClInclude>
    <ClInclude Include="Source\States\GameStateManager.h">
      <Filter>Game State Management\States\Header Files</Filter>
    </ClInclude>
    <ClInclude Include="Source\States\MenuState.h">
      <Filter>Game State Management\States\Header Files</Filter>
    </ClInclude>
    <ClInclude Include="Source\States\OptionsState.h">
      <Filter>Game State Management\States\Header Files</Filter>
    </ClInclude>
    <ClInclude Include="Source\States\PlayState.h">
      <Filter>Game State Management\States\Header Files</Filter>
    </ClInclude>
    <ClInclude Include="Source\States\SplashState.h">
      <Filter>Game State Management\States\Header Files</Filter>
    </ClInclude>
    <ClInclude Include="Source\Camera.h">
      <Filter>Camera</Filter>
    </ClInclude>
    <ClInclude Include="Source\Camera3.h">
      <Filter>Camera</Filter>
    </ClInclude>
    <ClInclude Include="Source\Scene.h">
      <Filter>Game State Management\Scenes\Header Files</Filter>
    </ClInclude>
    <ClInclude Include="Source\LoadOBJ.h">
      <Filter>Loaders</Filter>
    </ClInclude>
    <ClInclude Include="Source\LoadTGA.h">
      <Filter>Loaders</Filter>
    </ClInclude>
    <ClInclude Include="Source\Application.h">
      <Filter>Application</Filter>
    </ClInclude>
    <ClInclude Include="Source\MeshBuilder.h">
      <Filter>Mesh Tools</Filter>
    </ClInclude>
    <ClInclude Include="Source\Mesh.h">
      <Filter>Mesh Tools</Filter>
    </ClInclude>
    <ClInclude Include="Source\Utility.h">
      <Filter>Mesh Tools</Filter>
    </ClInclude>
    <ClInclude Include="Source\Vertex.h">
      <Filter>Mesh Tools</Filter>
    </ClInclude>
    <ClInclude Include="Source\Material.h">
      <Filter>Mesh Tools</Filter>
    </ClInclude>
    <ClInclude Include="Source\Light.h">
      <Filter>Mesh Tools</Filter>
    </ClInclude>
    <ClInclude Include="Source\shader.hpp">
      <Filter>Shader</Filter>
    </ClInclude>
    <ClInclude Include="Source\PlayInfo3PV.h">
      <Filter>Player</Filter>
    </ClInclude>
    <ClInclude Include="Source\LuaScript.h">
      <Filter>Lua</Filter>
    </ClInclude>
    <ClInclude Include="Source\Player\Player.h">
      <Filter>Player</Filter>
    </ClInclude>
    <ClInclude Include="Source\Graphics\SpriteAnimation.h">
      <Filter>Graphics</Filter>
    </ClInclude>
    <ClInclude Include="Source\Tilemap.h">
      <Filter>Level</Filter>
    </ClInclude>
    <ClInclude Include="Source\Level.h">
      <Filter>Level</Filter>
    </ClInclude>
    <ClInclude Include="Source\Tiledata.h">
      <Filter>Level</Filter>
    </ClInclude>
    <ClInclude Include="Source\Tileinfo.h">
      <Filter>Level</Filter>
    </ClInclude>
    <ClInclude Include="Source\Entities\Entity.h">
      <Filter>Entities\Base classes</Filter>
    </ClInclude>
    <ClInclude Include="Source\Entities\EntityVPos.h">
      <Filter>Entities\Base classes</Filter>
    </ClInclude>
    <ClInclude Include="Source\Entities\EntityIPos.h">
      <Filter>Entities\Base classes</Filter>
    </ClInclude>
    <ClInclude Include="Source\Entities\EnemyZombie.h">
      <Filter>Entities\Enemies</Filter>
    </ClInclude>
    <ClInclude Include="Source\Entities\Entity_Hazard_Moving.h">
      <Filter>Entities\GameplayEntities</Filter>
    </ClInclude>
    <ClInclude Include="Source\Entities\Enemy.h">
      <Filter>Entities\Base classes</Filter>
    </ClInclude>
    <ClInclude Include="Source\AStar.h">
      <Filter>Pathfinding</Filter>
    </ClInclude>
    <ClInclude Include="Source\Node.h">
      <Filter>Pathfinding</Filter>
    </ClInclude>
    <ClInclude Include="Source\SoundManager.h">
      <Filter>Sounds\Header Files</Filter>
    </ClInclude>
    <ClInclude Include="Source\Entities\Entity_Block_Movable.h">
      <Filter>Entities\GameplayEntities</Filter>
    </ClInclude>
    <ClInclude Include="..\..\..\..\..\vincent%27s\Desktop\SP4\SP4\Base\Source\States\InstructionState.h">
      <Filter>Game State Management\States\Header Files</Filter>
    </ClInclude>
    <ClInclude Include="Source\Entities\Entity_Fire.h">
      <Filter>Entities\GameplayEntities</Filter>
    </ClInclude>
    <ClInclude Include="Source\Entities\Entity_Key_Red.h">
      <Filter>Entities\GameplayEntities</Filter>
    </ClInclude>
    <ClInclude Include="Source\define.h">
      <Filter>Application</Filter>
    </ClInclude>
    <ClInclude Include="Source\SceneInstruction.h">
      <Filter>Game State Management\Scenes\Header Files</Filter>
    </ClInclude>
    <ClInclude Include="Source\Entities\Entity_Coin.h">
      <Filter>Entities\GameplayEntities</Filter>
    </ClInclude>
    <ClInclude Include="Source\Entities\EnemySuperRetardZombie.h">
      <Filter>Entities\Enemies</Filter>
    </ClInclude>
    <ClInclude Include="Source\Entities\Entity_Key_Blue.h">
      <Filter>Entities\GameplayEntities</Filter>
    </ClInclude>
    <ClInclude Include="Source\Entities\Entity_Key_Green.h">
      <Filter>Entities\GameplayEntities</Filter>
    </ClInclude>
    <ClInclude Include="Source\Entities\Entity_Key_Yellow.h">
      <Filter>Entities\GameplayEntities</Filter>
    </ClInclude>
    <ClInclude Include="Source\Achievements\Achievements.h">
      <Filter>Achievements</Filter>
    </ClInclude>
    <ClInclude Include="Source\Achievements\Properties.h">
      <Filter>Achievements</Filter>
    </ClInclude>
    <ClInclude Include="..\..\..\..\..\vincent%27s\Desktop\SP4\SP4\Base\Source\States\LevelSelectionState.h">
      <Filter>Game State Management\States\Header Files</Filter>
    </ClInclude>
    <ClInclude Include="Source\Entities\Entity_DemonFire.h">
      <Filter>Entities\GameplayEntities</Filter>
    </ClInclude>
    <ClInclude Include="Source\SceneLevelSelection.h">
      <Filter>Game State Management\Scenes\Header Files</Filter>
    </ClInclude>
  </ItemGroup>
</Project>